
Microsoft Visual Studio Solution File, Format Version 11.00
# Visual Studio 2010
Project("{F184B08F-C81C-45F6-A57F-5ABD9991F28F}") = "GeradorPalindromos", "GeradorPalindromos\GeradorPalindromos.vbproj", "{F92E809D-87A5-4633-A6A4-48B7A92CCF37}"
EndProject
Global
	GlobalSection(SolutionConfigurationPlatforms) = preSolution
		Debug|x86 = Debug|x86
		Release|x86 = Release|x86
	EndGlobalSection
	GlobalSection(ProjectConfigurationPlatforms) = postSolution
		{F92E809D-87A5-4633-A6A4-48B7A92CCF37}.Debug|x86.ActiveCfg = Debug|x86
		{F92E809D-87A5-4633-A6A4-48B7A92CCF37}.Debug|x86.Build.0 = Debug|x86
		{F92E809D-87A5-4633-A6A4-48B7A92CCF37}.Release|x86.ActiveCfg = Release|x86
		{F92E809D-87A5-4633-A6A4-48B7A92CCF37}.Release|x86.Build.0 = Release|x86
	EndGlobalSection
	GlobalSection(SolutionProperties) = preSolution
		HideSolutionNode = FALSE
	EndGlobalSection
EndGlobal
